{
    "_meta": {
        "hash": {
            "sha256": "039203f61bda637906725e984e2013ae83d952fb9ae63258435fb1bda6b9def8"
        },
        "pipfile-spec": 6,
        "requires": {
            "python_version": "3.7"
        },
        "sources": [
            {
                "name": "pypi",
                "url": "https://pypi.org/simple",
                "verify_ssl": true
            }
        ]
    },
    "default": {
        "atomicwrites": {
            "hashes": [
                "sha256:6d1784dea7c0c8d4a5172b6c620f40b6e4cbfdf96d783691f2e1302a7b88e197",
                "sha256:ae70396ad1a434f9c7046fd2dd196fc04b12f9e91ffb859164193be8b6168a7a"
            ],
            "version": "==1.4.0"
        },
        "attrs": {
            "hashes": [
                "sha256:31b2eced602aa8423c2aea9c76a724617ed67cf9513173fd3a4f03e3a929c7e6",
                "sha256:832aa3cde19744e49938b91fea06d69ecb9e649c93ba974535d08ad92164f700"
            ],
            "version": "==20.3.0"
        },
        "importlib-metadata": {
            "hashes": [
                "sha256:19192b88d959336bfa6bdaaaef99aeafec179eca19c47c804e555703ee5f07ef",
                "sha256:2e881981c9748d7282b374b68e759c87745c25427b67ecf0cc67fb6637a1bff9"
            ],
            "markers": "python_version < '3.8'",
            "version": "==4.0.0"
        },
        "more-itertools": {
            "hashes": [
                "sha256:5652a9ac72209ed7df8d9c15daf4e1aa0e3d2ccd3c87f8265a0673cd9cbc9ced",
                "sha256:c5d6da9ca3ff65220c3bfd2a8db06d698f05d4d2b9be57e1deb2be5a45019713"
            ],
            "markers": "python_version > '2.7'",
            "version": "==8.7.0"
        },
        "packaging": {
            "hashes": [
                "sha256:5b327ac1320dc863dca72f4514ecc086f31186744b84a230374cc1fd776feae5",
                "sha256:67714da7f7bc052e064859c05c595155bd1ee9f69f76557e21f051443c20947a"
            ],
            "version": "==20.9"
        },
        "pluggy": {
            "hashes": [
                "sha256:15b2acde666561e1298d71b523007ed7364de07029219b604cf808bfa1c765b0",
                "sha256:966c145cd83c96502c3c3868f50408687b38434af77734af1e9ca461a4081d2d"
            ],
            "version": "==0.13.1"
        },
        "py": {
            "hashes": [
                "sha256:21b81bda15b66ef5e1a777a21c4dcd9c20ad3efd0b3f817e7a809035269e1bd3",
                "sha256:3b80836aa6d1feeaa108e046da6423ab8f6ceda6468545ae8d02d9d58d18818a"
            ],
            "index": "pypi",
            "version": "==1.10.0"
        },
        "pyparsing": {
            "hashes": [
                "sha256:c203ec8783bf771a155b207279b9bccb8dea02d8f0c9e5f8ead507bc3246ecc1",
                "sha256:ef9d7589ef3c200abe66653d3f1ab1033c3c419ae9b9bdb1240a85b024efc88b"
            ],
            "version": "==2.4.7"
        },
        "pytest": {
            "hashes": [
                "sha256:8304c2f6466cf48f24631263d60320a1996668acfd659d8fa5e5e8f28129e1cd",
                "sha256:b68d84c7c01073ddf2a918a7504ab73849d52483d9f1f15f3875487011d09f71"
            ],
            "index": "pypi",
            "version": "==4.6.1"
        },
        "python-rapidjson": {
            "hashes": [
                "sha256:0118e15a5420c1eb777da512b15e7cf7cddc599c5713d5c728fba1d9933ba1e6",
                "sha256:022492d5fdb36cb424608cf891549149407c7aec672fe60ba461871850a46f1b",
                "sha256:29508627db1dbb4b2bbca89d430528c9d270f631c6b1457ddb82f4b4f11fac05",
                "sha256:2ef21fd3d8c18a278f6b2fd179ef102cb96a1e96161f64da4811a7ccfb8e6609",
                "sha256:313e4287de28669d58eefdbbbf095170715b0729f5630aa7081799ab573f0426",
                "sha256:387f0d3b86647f60b4a6331eebbfffe95b637ce0d568f098a4e6ae01ceb3c368",
                "sha256:3ea01520ebe28d270c79120a836d251fbb2187227695461a310fe0293f348b2d",
                "sha256:3eab4c2405c8a12ce57d005c771a758c12344e34793396e4d495644fb755f326",
                "sha256:4685de2ce614aafbc69838eac90500416f576bf37c62c26d7a543fc828b6a265",
                "sha256:475820d98d0a4e039f1185706c795e993f3a5b3bd2ff48b4d823bb9919a607db",
                "sha256:4d7dea19ad185f6535683c2110554eb7e0f5d4573c7807242b7ec259c4fec2bb",
                "sha256:525eebbb5e9e9957964c68c897a1181a2d42e69c109553e96ea43ba3dd78c360",
                "sha256:5b0a38f42e65d43415b40394d8ff9a40f7114e4221573df79f3f6f4177773306",
                "sha256:769c33a3aba0bec3b2b3721d05c5958879de70b22f0d73755f02386a39c84a5d",
                "sha256:8b43817f46325df477245581d57639dd5c99e42c9f915b4251823b0a9ca58b3e",
                "sha256:9d23b1336f5083f305d75430000b3f9d93b8898e7443c3ebf4ad48a5a2d3f19f",
                "sha256:a6dbe9c4c66be952aec3ae81b45f4e34d02b7bd47e57568a99566ae344e9befc",
                "sha256:e2492d01e49f642f3ccdea38581e824283147f28bfb4b3de9e5de1646cd156a3",
                "sha256:ee2abb07820b80c7bf7c752fe51580c14e3d1e2ba75bb8fb7beaf69be56150f9",
                "sha256:f4d349d25c4c92d193e892e8368d67e13dff9e1ceb70c4b1f5f112add860390e",
                "sha256:f784416aff3babbb0aceec3ef12593c055749d64c24f0dbf546645cf8ac7cef4"
            ],
            "index": "pypi",
            "version": "==0.7.1"
        },
        "pytz": {
            "hashes": [
                "sha256:303879e36b721603cc54604edcac9d20401bdbe31e1e4fdee5b9f98d5d31dfda",
                "sha256:d747dd3d23d77ef44c6a3526e274af6efeb0a6f1afd5a69ba4d5be4098c8e141"
            ],
            "index": "pypi",
            "version": "==2019.1"
        },
        "six": {
            "hashes": [
                "sha256:30639c035cdb23534cd4aa2dd52c3bf48f06e5f4a941509c8bafd8ce11080259",
                "sha256:8b74bedcbbbaca38ff6d7491d76f2b06b3592611af620f8426e82dddb04a5ced"
            ],
            "version": "==1.15.0"
        },
        "typing-extensions": {
            "hashes": [
                "sha256:7cb407020f00f7bfc3cb3e7881628838e69d8f3fcab2f64742a5e76b2f841918",
                "sha256:99d4073b617d30288f569d3f13d2bd7548c3a7e4c8de87db09a9d29bb3a4a60c",
                "sha256:dafc7639cde7f1b6e1acc0f457842a83e722ccca8eef5270af2d74792619a89f"
            ],
            "markers": "python_version < '3.8'",
            "version": "==3.7.4.3"
        },
        "wcwidth": {
            "hashes": [
                "sha256:beb4802a9cebb9144e99086eff703a642a13d6a0052920003a230f3294bbe784",
                "sha256:c4d647b99872929fdb7bdcaa4fbe7f01413ed3d98077df798530e5b04f116c83"
            ],
            "version": "==0.2.5"
        },
        "zipp": {
            "hashes": [
                "sha256:3607921face881ba3e026887d8150cca609d517579abe052ac81fc5aeffdbd76",
                "sha256:51cb66cc54621609dd593d1787f286ee42a5c0adbb4b29abea5a63edc3e03098"
            ],
            "version": "==3.4.1"
        }
    },
    "develop": {}
}
